PODS:
  - Alamofire (5.4.3)
  - FBAEMKit (11.1.0):
    - FBAEMKit/AEM (= 11.1.0)
  - FBAEMKit/AEM (11.1.0):
    - FBSDKCoreKit_Basics (~> 11.1.0)
  - FBSDKCoreKit (11.1.0):
    - FBSDKCoreKit/Core (= 11.1.0)
  - FBSDKCoreKit/Core (11.1.0):
    - FBAEMKit (~> 11.1.0)
    - FBSDKCoreKit_Basics (~> 11.1.0)
  - FBSDKCoreKit_Basics (11.1.0):
    - FBSDKCoreKit_Basics/Basics (= 11.1.0)
  - FBSDKCoreKit_Basics/Basics (11.1.0)
  - FBSDKLoginKit (11.1.0):
    - FBSDKLoginKit/Login (= 11.1.0)
  - FBSDKLoginKit/Login (11.1.0):
    - FBSDKCoreKit (~> 11.1.0)
    - FBSDKCoreKit_Basics (~> 11.1.0)
  - GrowingTextView (0.7.2)
  - IQKeyboardManagerSwift (6.5.6)
  - Kingfisher (6.3.1)
  - MBProgressHUD (1.2.0)
  - ReachabilitySwift (5.0.0)
  - SpinKit (1.2.0)

DEPENDENCIES:
  - Alamofire (~> 5.4)
  - FBSDKLoginKit
  - GrowingTextView (= 0.7.2)
  - IQKeyboardManagerSwift (>= 6.5.0)
  - Kingfisher
  - MBProgressHUD
  - ReachabilitySwift
  - SpinKit

SPEC REPOS:
  trunk:
    - Alamofire
    - FBAEMKit
    - FBSDKCoreKit
    - FBSDKCoreKit_Basics
    - FBSDKLoginKit
    - GrowingTextView
    - IQKeyboardManagerSwift
    - Kingfisher
    - MBProgressHUD
    - ReachabilitySwift
    - SpinKit

SPEC CHECKSUMS:
  Alamofire: e447a2774a40c996748296fa2c55112fdbbc42f9
  FBAEMKit: 5c8a8d08e5b2c79628490784883e0fcc75b12615
  FBSDKCoreKit: 7ccb8b4bb2b5ee2ad94327b774dc23f03509675d
  FBSDKCoreKit_Basics: 8f978bce195845f609b0ec6b425949d0d24f525b
  FBSDKLoginKit: d65eb587a9eaa89295338fb0bb3b358bde0b7ae4
  GrowingTextView: 876bf42005b5e4a4fd740597db12caaf41f0fe6c
  IQKeyboardManagerSwift: c7df9d2deb356c04522f5c4b7b6e4ce4d8ed94fe
  Kingfisher: 016c8b653a35add51dd34a3aba36b580041acc74
  MBProgressHUD: 3ee5efcc380f6a79a7cc9b363dd669c5e1ae7406
  ReachabilitySwift: 985039c6f7b23a1da463388634119492ff86c825
  SpinKit: 65906a8b534a4e14cbfd3f8b0b6c329131faef4a

PODFILE CHECKSUM: 429c7e208a299386ef81dfbb46373d59cae91130

COCOAPODS: 1.10.1
